
Microsoft Visual Studio Solution File, Format Version 11.00
# Visual Studio 2010
# SharpDevelop 5.1
Project("{FAE04EC0-301F-11D3-BF4B-00C04F79EFBC}") = "settings-dictionary", "settings-dictionary.csproj", "{AC1AD418-56FD-485B-8AD5-FE3AE9BA3B0B}"
EndProject
Global
	GlobalSection(SolutionConfigurationPlatforms) = preSolution
		Debug|Any CPU = Debug|Any CPU
		Release|Any CPU = Release|Any CPU
	EndGlobalSection
	GlobalSection(ProjectConfigurationPlatforms) = postSolution
		{AC1AD418-56FD-485B-8AD5-FE3AE9BA3B0B}.Debug|Any CPU.ActiveCfg = Debug|Any CPU
		{AC1AD418-56FD-485B-8AD5-FE3AE9BA3B0B}.Debug|Any CPU.Build.0 = Debug|Any CPU
		{AC1AD418-56FD-485B-8AD5-FE3AE9BA3B0B}.Release|Any CPU.ActiveCfg = Release|Any CPU
		{AC1AD418-56FD-485B-8AD5-FE3AE9BA3B0B}.Release|Any CPU.Build.0 = Release|Any CPU
	EndGlobalSection
EndGlobal
